
Microsoft Visual Studio Solution File, Format Version 12.00
# Visual Studio Version 17
VisualStudioVersion = 17.6.33829.357
MinimumVisualStudioVersion = 10.0.40219.1
Project("{FAE04EC0-301F-11D3-BF4B-00C04F79EFBC}") = "Stock-Analysis", "Stock-Analysis.csproj", "{E7EE0B57-AED3-4DA5-83E8-13682448A49B}"
EndProject
Global
	GlobalSection(SolutionConfigurationPlatforms) = preSolution
		Debug|Any CPU = Debug|Any CPU
		Release|Any CPU = Release|Any CPU
	EndGlobalSection
	GlobalSection(ProjectConfigurationPlatforms) = postSolution
		{E7EE0B57-AED3-4DA5-83E8-13682448A49B}.Debug|Any CPU.ActiveCfg = Debug|Any CPU
		{E7EE0B57-AED3-4DA5-83E8-13682448A49B}.Debug|Any CPU.Build.0 = Debug|Any CPU
		{E7EE0B57-AED3-4DA5-83E8-13682448A49B}.Release|Any CPU.ActiveCfg = Release|Any CPU
		{E7EE0B57-AED3-4DA5-83E8-13682448A49B}.Release|Any CPU.Build.0 = Release|Any CPU
	EndGlobalSection
	GlobalSection(SolutionProperties) = preSolution
		HideSolutionNode = FALSE
	EndGlobalSection
	GlobalSection(ExtensibilityGlobals) = postSolution
		SolutionGuid = {B9C53AC3-EBA7-43F9-AEDF-18D31B8F4BB3}
	EndGlobalSection
EndGlobal
